
Microsoft Visual Studio Solution File, Format Version 12.00
# Visual Studio 14
VisualStudioVersion = 14.0.25420.1
MinimumVisualStudioVersion = 10.0.40219.1
Project("{FAE04EC0-301F-11D3-BF4B-00C04F79EFBC}") = "Monitor", "Monitor\Monitor.csproj", "{1D75E103-5C47-42F5-AF28-98955BB22B50}"
EndProject
Project("{FAE04EC0-301F-11D3-BF4B-00C04F79EFBC}") = "Strategy", "Strategy\Strategy.csproj", "{83110F78-6509-45AC-831A-229361CEFA32}"
EndProject
Project("{2150E333-8FDC-42A3-9474-1A3956D46DE8}") = "Strategies", "Strategies", "{5B8C6628-7471-4314-AE3E-BF11CAA1EC4B}"
EndProject
Project("{FAE04EC0-301F-11D3-BF4B-00C04F79EFBC}") = "TestStrategy", "TestStrategy\TestStrategy.csproj", "{E1F61F8F-346C-4302-AADD-4FF5BA930582}"
EndProject
Project("{FAE04EC0-301F-11D3-BF4B-00C04F79EFBC}") = "Toro1", "Toro1\Toro1.csproj", "{4FE18F4A-1B1D-402A-ABB9-6C61DE7E60DE}"
EndProject
Project("{FAE04EC0-301F-11D3-BF4B-00C04F79EFBC}") = "Candles", "Candles\Candles.csproj", "{0F489B18-84CF-4E94-BCAF-605CD78E3D1C}"
EndProject
Project("{FAE04EC0-301F-11D3-BF4B-00C04F79EFBC}") = "DB", "DB\DB.csproj", "{C8F2568D-4199-4C86-95C6-32E4602E8CD4}"
EndProject
Project("{FAE04EC0-301F-11D3-BF4B-00C04F79EFBC}") = "Stocks", "Stocks\Stocks.csproj", "{0E953321-79C7-48C6-AF59-BBD2E54E4316}"
EndProject
Project("{2150E333-8FDC-42A3-9474-1A3956D46DE8}") = "DataProviders", "DataProviders", "{3491B130-A11D-4F6A-87E2-204F109FA9C1}"
EndProject
Project("{FAE04EC0-301F-11D3-BF4B-00C04F79EFBC}") = "DataProviders", "DataProvider\DataProviders.csproj", "{9FCCA7C1-4318-420E-914C-C77F9554FA7C}"
EndProject
Project("{FAE04EC0-301F-11D3-BF4B-00C04F79EFBC}") = "GoogleFinance", "GoogleFinance\GoogleFinance.csproj", "{B9A9F69B-4FBB-447A-9490-87A482387900}"
EndProject
Project("{FAE04EC0-301F-11D3-BF4B-00C04F79EFBC}") = "PlugIns", "PlugInManager\PlugIns.csproj", "{56A32E25-F710-4ACF-A0D4-89FE601D08D1}"
EndProject
Project("{FAE04EC0-301F-11D3-BF4B-00C04F79EFBC}") = "DBHistoricalProvider", "DBHistoricalProvider\DBHistoricalProvider.csproj", "{F352D54A-3618-474A-AF08-410C8AAD7C33}"
EndProject
Project("{2150E333-8FDC-42A3-9474-1A3956D46DE8}") = "Plugin", "Plugin", "{F02F632B-19AA-4F65-AE7B-927762AF8096}"
EndProject
Project("{2150E333-8FDC-42A3-9474-1A3956D46DE8}") = "Library", "Library", "{A2E7486A-E5CA-48F9-A660-DC86FBD8F9A8}"
EndProject
Global
	GlobalSection(SolutionConfigurationPlatforms) = preSolution
		Debug|Any CPU = Debug|Any CPU
		Debug|x64 = Debug|x64
		Debug|x86 = Debug|x86
		Release|Any CPU = Release|Any CPU
		Release|x64 = Release|x64
		Release|x86 = Release|x86
	EndGlobalSection
	GlobalSection(ProjectConfigurationPlatforms) = postSolution
		{1D75E103-5C47-42F5-AF28-98955BB22B50}.Debug|Any CPU.ActiveCfg = Debug|Any CPU
		{1D75E103-5C47-42F5-AF28-98955BB22B50}.Debug|Any CPU.Build.0 = Debug|Any CPU
		{1D75E103-5C47-42F5-AF28-98955BB22B50}.Debug|x64.ActiveCfg = Debug|x64
		{1D75E103-5C47-42F5-AF28-98955BB22B50}.Debug|x64.Build.0 = Debug|x64
		{1D75E103-5C47-42F5-AF28-98955BB22B50}.Debug|x86.ActiveCfg = Debug|x86
		{1D75E103-5C47-42F5-AF28-98955BB22B50}.Debug|x86.Build.0 = Debug|x86
		{1D75E103-5C47-42F5-AF28-98955BB22B50}.Release|Any CPU.ActiveCfg = Release|Any CPU
		{1D75E103-5C47-42F5-AF28-98955BB22B50}.Release|Any CPU.Build.0 = Release|Any CPU
		{1D75E103-5C47-42F5-AF28-98955BB22B50}.Release|x64.ActiveCfg = Release|x64
		{1D75E103-5C47-42F5-AF28-98955BB22B50}.Release|x64.Build.0 = Release|x64
		{1D75E103-5C47-42F5-AF28-98955BB22B50}.Release|x86.ActiveCfg = Release|x86
		{1D75E103-5C47-42F5-AF28-98955BB22B50}.Release|x86.Build.0 = Release|x86
		{83110F78-6509-45AC-831A-229361CEFA32}.Debug|Any CPU.ActiveCfg = Debug|Any CPU
		{83110F78-6509-45AC-831A-229361CEFA32}.Debug|Any CPU.Build.0 = Debug|Any CPU
		{83110F78-6509-45AC-831A-229361CEFA32}.Debug|x64.ActiveCfg = Debug|x64
		{83110F78-6509-45AC-831A-229361CEFA32}.Debug|x64.Build.0 = Debug|x64
		{83110F78-6509-45AC-831A-229361CEFA32}.Debug|x86.ActiveCfg = Debug|x86
		{83110F78-6509-45AC-831A-229361CEFA32}.Debug|x86.Build.0 = Debug|x86
		{83110F78-6509-45AC-831A-229361CEFA32}.Release|Any CPU.ActiveCfg = Release|Any CPU
		{83110F78-6509-45AC-831A-229361CEFA32}.Release|Any CPU.Build.0 = Release|Any CPU
		{83110F78-6509-45AC-831A-229361CEFA32}.Release|x64.ActiveCfg = Release|x64
		{83110F78-6509-45AC-831A-229361CEFA32}.Release|x64.Build.0 = Release|x64
		{83110F78-6509-45AC-831A-229361CEFA32}.Release|x86.ActiveCfg = Release|x86
		{83110F78-6509-45AC-831A-229361CEFA32}.Release|x86.Build.0 = Release|x86
		{E1F61F8F-346C-4302-AADD-4FF5BA930582}.Debug|Any CPU.ActiveCfg = Debug|Any CPU
		{E1F61F8F-346C-4302-AADD-4FF5BA930582}.Debug|Any CPU.Build.0 = Debug|Any CPU
		{E1F61F8F-346C-4302-AADD-4FF5BA930582}.Debug|x64.ActiveCfg = Debug|x64
		{E1F61F8F-346C-4302-AADD-4FF5BA930582}.Debug|x64.Build.0 = Debug|x64
		{E1F61F8F-346C-4302-AADD-4FF5BA930582}.Debug|x86.ActiveCfg = Debug|x86
		{E1F61F8F-346C-4302-AADD-4FF5BA930582}.Debug|x86.Build.0 = Debug|x86
		{E1F61F8F-346C-4302-AADD-4FF5BA930582}.Release|Any CPU.ActiveCfg = Release|Any CPU
		{E1F61F8F-346C-4302-AADD-4FF5BA930582}.Release|Any CPU.Build.0 = Release|Any CPU
		{E1F61F8F-346C-4302-AADD-4FF5BA930582}.Release|x64.ActiveCfg = Release|x64
		{E1F61F8F-346C-4302-AADD-4FF5BA930582}.Release|x64.Build.0 = Release|x64
		{E1F61F8F-346C-4302-AADD-4FF5BA930582}.Release|x86.ActiveCfg = Release|x86
		{E1F61F8F-346C-4302-AADD-4FF5BA930582}.Release|x86.Build.0 = Release|x86
		{4FE18F4A-1B1D-402A-ABB9-6C61DE7E60DE}.Debug|Any CPU.ActiveCfg = Debug|Any CPU
		{4FE18F4A-1B1D-402A-ABB9-6C61DE7E60DE}.Debug|Any CPU.Build.0 = Debug|Any CPU
		{4FE18F4A-1B1D-402A-ABB9-6C61DE7E60DE}.Debug|x64.ActiveCfg = Debug|x64
		{4FE18F4A-1B1D-402A-ABB9-6C61DE7E60DE}.Debug|x64.Build.0 = Debug|x64
		{4FE18F4A-1B1D-402A-ABB9-6C61DE7E60DE}.Debug|x86.ActiveCfg = Debug|x86
		{4FE18F4A-1B1D-402A-ABB9-6C61DE7E60DE}.Debug|x86.Build.0 = Debug|x86
		{4FE18F4A-1B1D-402A-ABB9-6C61DE7E60DE}.Release|Any CPU.ActiveCfg = Release|Any CPU
		{4FE18F4A-1B1D-402A-ABB9-6C61DE7E60DE}.Release|Any CPU.Build.0 = Release|Any CPU
		{4FE18F4A-1B1D-402A-ABB9-6C61DE7E60DE}.Release|x64.ActiveCfg = Release|x64
		{4FE18F4A-1B1D-402A-ABB9-6C61DE7E60DE}.Release|x64.Build.0 = Release|x64
		{4FE18F4A-1B1D-402A-ABB9-6C61DE7E60DE}.Release|x86.ActiveCfg = Release|x86
		{4FE18F4A-1B1D-402A-ABB9-6C61DE7E60DE}.Release|x86.Build.0 = Release|x86
		{0F489B18-84CF-4E94-BCAF-605CD78E3D1C}.Debug|Any CPU.ActiveCfg = Debug|Any CPU
		{0F489B18-84CF-4E94-BCAF-605CD78E3D1C}.Debug|Any CPU.Build.0 = Debug|Any CPU
		{0F489B18-84CF-4E94-BCAF-605CD78E3D1C}.Debug|x64.ActiveCfg = Debug|x64
		{0F489B18-84CF-4E94-BCAF-605CD78E3D1C}.Debug|x64.Build.0 = Debug|x64
		{0F489B18-84CF-4E94-BCAF-605CD78E3D1C}.Debug|x86.ActiveCfg = Debug|x86
		{0F489B18-84CF-4E94-BCAF-605CD78E3D1C}.Debug|x86.Build.0 = Debug|x86
		{0F489B18-84CF-4E94-BCAF-605CD78E3D1C}.Release|Any CPU.ActiveCfg = Release|Any CPU
		{0F489B18-84CF-4E94-BCAF-605CD78E3D1C}.Release|Any CPU.Build.0 = Release|Any CPU
		{0F489B18-84CF-4E94-BCAF-605CD78E3D1C}.Release|x64.ActiveCfg = Release|x64
		{0F489B18-84CF-4E94-BCAF-605CD78E3D1C}.Release|x64.Build.0 = Release|x64
		{0F489B18-84CF-4E94-BCAF-605CD78E3D1C}.Release|x86.ActiveCfg = Release|x86
		{0F489B18-84CF-4E94-BCAF-605CD78E3D1C}.Release|x86.Build.0 = Release|x86
		{C8F2568D-4199-4C86-95C6-32E4602E8CD4}.Debug|Any CPU.ActiveCfg = Debug|Any CPU
		{C8F2568D-4199-4C86-95C6-32E4602E8CD4}.Debug|Any CPU.Build.0 = Debug|Any CPU
		{C8F2568D-4199-4C86-95C6-32E4602E8CD4}.Debug|x64.ActiveCfg = Debug|x64
		{C8F2568D-4199-4C86-95C6-32E4602E8CD4}.Debug|x64.Build.0 = Debug|x64
		{C8F2568D-4199-4C86-95C6-32E4602E8CD4}.Debug|x86.ActiveCfg = Debug|x86
		{C8F2568D-4199-4C86-95C6-32E4602E8CD4}.Debug|x86.Build.0 = Debug|x86
		{C8F2568D-4199-4C86-95C6-32E4602E8CD4}.Release|Any CPU.ActiveCfg = Release|Any CPU
		{C8F2568D-4199-4C86-95C6-32E4602E8CD4}.Release|Any CPU.Build.0 = Release|Any CPU
		{C8F2568D-4199-4C86-95C6-32E4602E8CD4}.Release|x64.ActiveCfg = Release|x64
		{C8F2568D-4199-4C86-95C6-32E4602E8CD4}.Release|x64.Build.0 = Release|x64
		{C8F2568D-4199-4C86-95C6-32E4602E8CD4}.Release|x86.ActiveCfg = Release|x86
		{C8F2568D-4199-4C86-95C6-32E4602E8CD4}.Release|x86.Build.0 = Release|x86
		{0E953321-79C7-48C6-AF59-BBD2E54E4316}.Debug|Any CPU.ActiveCfg = Debug|Any CPU
		{0E953321-79C7-48C6-AF59-BBD2E54E4316}.Debug|Any CPU.Build.0 = Debug|Any CPU
		{0E953321-79C7-48C6-AF59-BBD2E54E4316}.Debug|x64.ActiveCfg = Debug|x64
		{0E953321-79C7-48C6-AF59-BBD2E54E4316}.Debug|x64.Build.0 = Debug|x64
		{0E953321-79C7-48C6-AF59-BBD2E54E4316}.Debug|x86.ActiveCfg = Debug|x86
		{0E953321-79C7-48C6-AF59-BBD2E54E4316}.Debug|x86.Build.0 = Debug|x86
		{0E953321-79C7-48C6-AF59-BBD2E54E4316}.Release|Any CPU.ActiveCfg = Release|Any CPU
		{0E953321-79C7-48C6-AF59-BBD2E54E4316}.Release|Any CPU.Build.0 = Release|Any CPU
		{0E953321-79C7-48C6-AF59-BBD2E54E4316}.Release|x64.ActiveCfg = Release|x64
		{0E953321-79C7-48C6-AF59-BBD2E54E4316}.Release|x64.Build.0 = Release|x64
		{0E953321-79C7-48C6-AF59-BBD2E54E4316}.Release|x86.ActiveCfg = Release|x86
		{0E953321-79C7-48C6-AF59-BBD2E54E4316}.Release|x86.Build.0 = Release|x86
		{9FCCA7C1-4318-420E-914C-C77F9554FA7C}.Debug|Any CPU.ActiveCfg = Debug|Any CPU
		{9FCCA7C1-4318-420E-914C-C77F9554FA7C}.Debug|Any CPU.Build.0 = Debug|Any CPU
		{9FCCA7C1-4318-420E-914C-C77F9554FA7C}.Debug|x64.ActiveCfg = Debug|x64
		{9FCCA7C1-4318-420E-914C-C77F9554FA7C}.Debug|x64.Build.0 = Debug|x64
		{9FCCA7C1-4318-420E-914C-C77F9554FA7C}.Debug|x86.ActiveCfg = Debug|x86
		{9FCCA7C1-4318-420E-914C-C77F9554FA7C}.Debug|x86.Build.0 = Debug|x86
		{9FCCA7C1-4318-420E-914C-C77F9554FA7C}.Release|Any CPU.ActiveCfg = Release|Any CPU
		{9FCCA7C1-4318-420E-914C-C77F9554FA7C}.Release|Any CPU.Build.0 = Release|Any CPU
		{9FCCA7C1-4318-420E-914C-C77F9554FA7C}.Release|x64.ActiveCfg = Release|x64
		{9FCCA7C1-4318-420E-914C-C77F9554FA7C}.Release|x64.Build.0 = Release|x64
		{9FCCA7C1-4318-420E-914C-C77F9554FA7C}.Release|x86.ActiveCfg = Release|x86
		{9FCCA7C1-4318-420E-914C-C77F9554FA7C}.Release|x86.Build.0 = Release|x86
		{B9A9F69B-4FBB-447A-9490-87A482387900}.Debug|Any CPU.ActiveCfg = Debug|Any CPU
		{B9A9F69B-4FBB-447A-9490-87A482387900}.Debug|Any CPU.Build.0 = Debug|Any CPU
		{B9A9F69B-4FBB-447A-9490-87A482387900}.Debug|x64.ActiveCfg = Debug|x64
		{B9A9F69B-4FBB-447A-9490-87A482387900}.Debug|x64.Build.0 = Debug|x64
		{B9A9F69B-4FBB-447A-9490-87A482387900}.Debug|x86.ActiveCfg = Debug|x86
		{B9A9F69B-4FBB-447A-9490-87A482387900}.Debug|x86.Build.0 = Debug|x86
		{B9A9F69B-4FBB-447A-9490-87A482387900}.Release|Any CPU.ActiveCfg = Release|Any CPU
		{B9A9F69B-4FBB-447A-9490-87A482387900}.Release|Any CPU.Build.0 = Release|Any CPU
		{B9A9F69B-4FBB-447A-9490-87A482387900}.Release|x64.ActiveCfg = Release|x64
		{B9A9F69B-4FBB-447A-9490-87A482387900}.Release|x64.Build.0 = Release|x64
		{B9A9F69B-4FBB-447A-9490-87A482387900}.Release|x86.ActiveCfg = Release|x86
		{B9A9F69B-4FBB-447A-9490-87A482387900}.Release|x86.Build.0 = Release|x86
		{56A32E25-F710-4ACF-A0D4-89FE601D08D1}.Debug|Any CPU.ActiveCfg = Debug|Any CPU
		{56A32E25-F710-4ACF-A0D4-89FE601D08D1}.Debug|Any CPU.Build.0 = Debug|Any CPU
		{56A32E25-F710-4ACF-A0D4-89FE601D08D1}.Debug|x64.ActiveCfg = Debug|x64
		{56A32E25-F710-4ACF-A0D4-89FE601D08D1}.Debug|x64.Build.0 = Debug|x64
		{56A32E25-F710-4ACF-A0D4-89FE601D08D1}.Debug|x86.ActiveCfg = Debug|x86
		{56A32E25-F710-4ACF-A0D4-89FE601D08D1}.Debug|x86.Build.0 = Debug|x86
		{56A32E25-F710-4ACF-A0D4-89FE601D08D1}.Release|Any CPU.ActiveCfg = Release|Any CPU
		{56A32E25-F710-4ACF-A0D4-89FE601D08D1}.Release|Any CPU.Build.0 = Release|Any CPU
		{56A32E25-F710-4ACF-A0D4-89FE601D08D1}.Release|x64.ActiveCfg = Release|x64
		{56A32E25-F710-4ACF-A0D4-89FE601D08D1}.Release|x64.Build.0 = Release|x64
		{56A32E25-F710-4ACF-A0D4-89FE601D08D1}.Release|x86.ActiveCfg = Release|x86
		{56A32E25-F710-4ACF-A0D4-89FE601D08D1}.Release|x86.Build.0 = Release|x86
		{F352D54A-3618-474A-AF08-410C8AAD7C33}.Debug|Any CPU.ActiveCfg = Debug|Any CPU
		{F352D54A-3618-474A-AF08-410C8AAD7C33}.Debug|Any CPU.Build.0 = Debug|Any CPU
		{F352D54A-3618-474A-AF08-410C8AAD7C33}.Debug|x64.ActiveCfg = Debug|x64
		{F352D54A-3618-474A-AF08-410C8AAD7C33}.Debug|x64.Build.0 = Debug|x64
		{F352D54A-3618-474A-AF08-410C8AAD7C33}.Debug|x86.ActiveCfg = Debug|x86
		{F352D54A-3618-474A-AF08-410C8AAD7C33}.Debug|x86.Build.0 = Debug|x86
		{F352D54A-3618-474A-AF08-410C8AAD7C33}.Release|Any CPU.ActiveCfg = Release|Any CPU
		{F352D54A-3618-474A-AF08-410C8AAD7C33}.Release|Any CPU.Build.0 = Release|Any CPU
		{F352D54A-3618-474A-AF08-410C8AAD7C33}.Release|x64.ActiveCfg = Release|x64
		{F352D54A-3618-474A-AF08-410C8AAD7C33}.Release|x64.Build.0 = Release|x64
		{F352D54A-3618-474A-AF08-410C8AAD7C33}.Release|x86.ActiveCfg = Release|x86
		{F352D54A-3618-474A-AF08-410C8AAD7C33}.Release|x86.Build.0 = Release|x86
	EndGlobalSection
	GlobalSection(SolutionProperties) = preSolution
		HideSolutionNode = FALSE
	EndGlobalSection
	GlobalSection(NestedProjects) = preSolution
		{83110F78-6509-45AC-831A-229361CEFA32} = {5B8C6628-7471-4314-AE3E-BF11CAA1EC4B}
		{5B8C6628-7471-4314-AE3E-BF11CAA1EC4B} = {F02F632B-19AA-4F65-AE7B-927762AF8096}
		{E1F61F8F-346C-4302-AADD-4FF5BA930582} = {5B8C6628-7471-4314-AE3E-BF11CAA1EC4B}
		{4FE18F4A-1B1D-402A-ABB9-6C61DE7E60DE} = {5B8C6628-7471-4314-AE3E-BF11CAA1EC4B}
		{0F489B18-84CF-4E94-BCAF-605CD78E3D1C} = {A2E7486A-E5CA-48F9-A660-DC86FBD8F9A8}
		{C8F2568D-4199-4C86-95C6-32E4602E8CD4} = {A2E7486A-E5CA-48F9-A660-DC86FBD8F9A8}
		{0E953321-79C7-48C6-AF59-BBD2E54E4316} = {A2E7486A-E5CA-48F9-A660-DC86FBD8F9A8}
		{3491B130-A11D-4F6A-87E2-204F109FA9C1} = {F02F632B-19AA-4F65-AE7B-927762AF8096}
		{9FCCA7C1-4318-420E-914C-C77F9554FA7C} = {3491B130-A11D-4F6A-87E2-204F109FA9C1}
		{B9A9F69B-4FBB-447A-9490-87A482387900} = {3491B130-A11D-4F6A-87E2-204F109FA9C1}
		{56A32E25-F710-4ACF-A0D4-89FE601D08D1} = {F02F632B-19AA-4F65-AE7B-927762AF8096}
		{F352D54A-3618-474A-AF08-410C8AAD7C33} = {3491B130-A11D-4F6A-87E2-204F109FA9C1}
	EndGlobalSection
EndGlobal
